<?xml version="1.0" encoding="UTF-8" standalone="yes" ?>
<CodeBlocks_project_file>
	<FileVersion major="1" minor="6" />
	<Project>
		<Option title="CPlusNet" />
		<Option pch_mode="2" />
		<Option compiler="gcc" />
		<Build>
			<Target title="Debug">
				<Option output="CPlusNet" prefix_auto="1" extension_auto="1" />
				<Option object_output="obj\Debug\" />
				<Option type="3" />
				<Option compiler="gcc" />
				<Option createDefFile="1" />
				<Option createStaticLib="1" />
				<Compiler>
					<Add option="-Wall" />
					<Add option="-g" />
				</Compiler>
			</Target>
			<Target title="Release">
				<Option output="libCPlusNet" prefix_auto="1" extension_auto="1" />
				<Option working_dir="" />
				<Option object_output="obj\Release\" />
				<Option type="2" />
				<Option compiler="gcc" />
				<Option createDefFile="1" />
				<Compiler>
					<Add option="-Wall" />
					<Add option="-O2" />
				</Compiler>
				<Linker>
					<Add option="-s" />
				</Linker>
			</Target>
		</Build>
		<Compiler>
			<Add option="-Dwin32" />
		</Compiler>
		<Unit filename="Array.h" />
		<Unit filename="BinaryReader.cpp" />
		<Unit filename="BinaryReader.h" />
		<Unit filename="BinaryWriter.cpp" />
		<Unit filename="BinaryWriter.h" />
		<Unit filename="CLRHeader.h" />
		<Unit filename="CProperty.h" />
		<Unit filename="Console.cpp" />
		<Unit filename="Console.h" />
		<Unit filename="Exception.h" />
		<Unit filename="FileStream.cpp" />
		<Unit filename="FileStream.h" />
		<Unit filename="RThread.cpp" />
		<Unit filename="RThread.h" />
		<Unit filename="Stream.cpp" />
		<Unit filename="Stream.h" />
		<Unit filename="Thread.cpp" />
		<Unit filename="Thread.h" />
		<Unit filename="include\StdString.h" />
		<Unit filename="src\StdString.cpp" />
		<Extensions>
			<code_completion>
				<search_path add="C:\MinGW\include" />
			</code_completion>
			<debugger />
		</Extensions>
	</Project>
</CodeBlocks_project_file>
